// !$*UTF8*$!
{
	archiveVersion = 1;
	classes = {
	};
	objectVersion = 46;
	objects = {

/* Begin PBXBuildFile section */
		9E807EF515E50DE5003D336C /* UIKit.framework in Frameworks */ = {isa = PBXBuildFile; fileRef = 9E807EF415E50DE5003D336C /* UIKit.framework */; };
		9E807EF715E50DE5003D336C /* Foundation.framework in Frameworks */ = {isa = PBXBuildFile; fileRef = 9E807EF615E50DE5003D336C /* Foundation.framework */; };
		9E807EF915E50DE5003D336C /* CoreGraphics.framework in Frameworks */ = {isa = PBXBuildFile; fileRef = 9E807EF815E50DE5003D336C /* CoreGraphics.framework */; };
		9E807EFF15E50DE5003D336C /* InfoPlist.strings in Resources */ = {isa = PBXBuildFile; fileRef = 9E807EFD15E50DE5003D336C /* InfoPlist.strings */; };
		9E807F0115E50DE5003D336C /* main.m in Sources */ = {isa = PBXBuildFile; fileRef = 9E807F0015E50DE5003D336C /* main.m */; };
		9E807F0515E50DE5003D336C /* AppDelegate.m in Sources */ = {isa = PBXBuildFile; fileRef = 9E807F0415E50DE5003D336C /* AppDelegate.m */; };
		9E807F0D15E50DE5003D336C /* SenTestingKit.framework in Frameworks */ = {isa = PBXBuildFile; fileRef = 9E807F0C15E50DE5003D336C /* SenTestingKit.framework */; };
		9E807F0E15E50DE5003D336C /* UIKit.framework in Frameworks */ = {isa = PBXBuildFile; fileRef = 9E807EF415E50DE5003D336C /* UIKit.framework */; };
		9E807F0F15E50DE5003D336C /* Foundation.framework in Frameworks */ = {isa = PBXBuildFile; fileRef = 9E807EF615E50DE5003D336C /* Foundation.framework */; };
		9E807F1715E50DE5003D336C /* InfoPlist.strings in Resources */ = {isa = PBXBuildFile; fileRef = 9E807F1515E50DE5003D336C /* InfoPlist.strings */; };
		9E807F1A15E50DE5003D336C /* Test_AppTests.m in Sources */ = {isa = PBXBuildFile; fileRef = 9E807F1915E50DE5003D336C /* Test_AppTests.m */; };
/* End PBXBuildFile section */

/* Begin PBXContainerItemProxy section */
		9E807F1015E50DE5003D336C /* PBXContainerItemProxy */ = {
			isa = PBXContainerItemProxy;
			containerPortal = 9E807EE715E50DE4003D336C /* Project object */;
			proxyType = 1;
			remoteGlobalIDString = 9E807EEF15E50DE5003D336C;
			remoteInfo = "Test App";
		};
/* End PBXContainerItemProxy section */

/* Begin PBXFileReference section */
		9E807EF015E50DE5003D336C /* Test App.app */ = {isa = PBXFileReference; explicitFileType = wrapper.application; includeInIndex = 0; path = "Test App.app"; sourceTree = BUILT_PRODUCTS_DIR; };
		9E807EF415E50DE5003D336C /* UIKit.framework */ = {isa = PBXFileReference; lastKnownFileType = wrapper.framework; name = UIKit.framework; path = System/Library/Frameworks/UIKit.framework; sourceTree = SDKROOT; };
		9E807EF615E50DE5003D336C /* Foundation.framework */ = {isa = PBXFileReference; lastKnownFileType = wrapper.framework; name = Foundation.framework; path = System/Library/Frameworks/Foundation.framework; sourceTree = SDKROOT; };
		9E807EF815E50DE5003D336C /* CoreGraphics.framework */ = {isa = PBXFileReference; lastKnownFileType = wrapper.framework; name = CoreGraphics.framework; path = System/Library/Frameworks/CoreGraphics.framework; sourceTree = SDKROOT; };
		9E807EFC15E50DE5003D336C /* Test App-Info.plist */ = {isa = PBXFileReference; lastKnownFileType = text.plist.xml; path = "Test App-Info.plist"; sourceTree = "<group>"; };
		9E807EFE15E50DE5003D336C /* en */ = {isa = PBXFileReference; lastKnownFileType = text.plist.strings; name = en; path = en.lproj/InfoPlist.strings; sourceTree = "<group>"; };
		9E807F0015E50DE5003D336C /* main.m */ = {isa = PBXFileReference; lastKnownFileType = sourcecode.c.objc; path = main.m; sourceTree = "<group>"; };
		9E807F0215E50DE5003D336C /* Test App-Prefix.pch */ = {isa = PBXFileReference; lastKnownFileType = sourcecode.c.h; path = "Test App-Prefix.pch"; sourceTree = "<group>"; };
		9E807F0315E50DE5003D336C /* AppDelegate.h */ = {isa = PBXFileReference; lastKnownFileType = sourcecode.c.h; path = AppDelegate.h; sourceTree = "<group>"; };
		9E807F0415E50DE5003D336C /* AppDelegate.m */ = {isa = PBXFileReference; lastKnownFileType = sourcecode.c.objc; path = AppDelegate.m; sourceTree = "<group>"; };
		9E807F0B15E50DE5003D336C /* Test AppTests.octest */ = {isa = PBXFileReference; explicitFileType = wrapper.cfbundle; includeInIndex = 0; path = "Test AppTests.octest"; sourceTree = BUILT_PRODUCTS_DIR; };
		9E807F0C15E50DE5003D336C /* SenTestingKit.framework */ = {isa = PBXFileReference; lastKnownFileType = wrapper.framework; name = SenTestingKit.framework; path = Library/Frameworks/SenTestingKit.framework; sourceTree = DEVELOPER_DIR; };
		9E807F1415E50DE5003D336C /* Test AppTests-Info.plist */ = {isa = PBXFileReference; lastKnownFileType = text.plist.xml; path = "Test AppTests-Info.plist"; sourceTree = "<group>"; };
		9E807F1615E50DE5003D336C /* en */ = {isa = PBXFileReference; lastKnownFileType = text.plist.strings; name = en; path = en.lproj/InfoPlist.strings; sourceTree = "<group>"; };
		9E807F1815E50DE5003D336C /* Test_AppTests.h */ = {isa = PBXFileReference; lastKnownFileType = sourcecode.c.h; path = Test_AppTests.h; sourceTree = "<group>"; };
		9E807F1915E50DE5003D336C /* Test_AppTests.m */ = {isa = PBXFileReference; lastKnownFileType = sourcecode.c.objc; path = Test_AppTests.m; sourceTree = "<group>"; };
/* End PBXFileReference section */

/* Begin PBXFrameworksBuildPhase section */
		9E807EED15E50DE5003D336C /* Frameworks */ = {
			isa = PBXFrameworksBuildPhase;
			buildActionMask = 2147483647;
			files = (
				9E807EF515E50DE5003D336C /* UIKit.framework in Frameworks */,
				9E807EF715E50DE5003D336C /* Foundation.framework in Frameworks */,
				9E807EF915E50DE5003D336C /* CoreGraphics.framework in Frameworks */,
			);
			runOnlyForDeploymentPostprocessing = 0;
		};
		9E807F0715E50DE5003D336C /* Frameworks */ = {
			isa = PBXFrameworksBuildPhase;
			buildActionMask = 2147483647;
			files = (
				9E807F0D15E50DE5003D336C /* SenTestingKit.framework in Frameworks */,
				9E807F0E15E50DE5003D336C /* UIKit.framework in Frameworks */,
				9E807F0F15E50DE5003D336C /* Foundation.framework in Frameworks */,
			);
			runOnlyForDeploymentPostprocessing = 0;
		};
/* End PBXFrameworksBuildPhase section */

/* Begin PBXGroup section */
		9E807EE515E50DE4003D336C = {
			isa = PBXGroup;
			children = (
				9E807EFA15E50DE5003D336C /* Test App */,
				9E807F1215E50DE5003D336C /* Test AppTests */,
				9E807EF315E50DE5003D336C /* Frameworks */,
				9E807EF115E50DE5003D336C /* Products */,
			);
			sourceTree = "<group>";
		};
		9E807EF115E50DE5003D336C /* Products */ = {
			isa = PBXGroup;
			children = (
				9E807EF015E50DE5003D336C /* Test App.app */,
				9E807F0B15E50DE5003D336C /* Test AppTests.octest */,
			);
			name = Products;
			sourceTree = "<group>";
		};
		9E807EF315E50DE5003D336C /* Frameworks */ = {
			isa = PBXGroup;
			children = (
				9E807EF415E50DE5003D336C /* UIKit.framework */,
				9E807EF615E50DE5003D336C /* Foundation.framework */,
				9E807EF815E50DE5003D336C /* CoreGraphics.framework */,
				9E807F0C15E50DE5003D336C /* SenTestingKit.framework */,
			);
			name = Frameworks;
			sourceTree = "<group>";
		};
		9E807EFA15E50DE5003D336C /* Test App */ = {
			isa = PBXGroup;
			children = (
				9E807F0315E50DE5003D336C /* AppDelegate.h */,
				9E807F0415E50DE5003D336C /* AppDelegate.m */,
				9E807EFB15E50DE5003D336C /* Supporting Files */,
			);
			path = "Test App";
			sourceTree = "<group>";
		};
		9E807EFB15E50DE5003D336C /* Supporting Files */ = {
			isa = PBXGroup;
			children = (
				9E807EFC15E50DE5003D336C /* Test App-Info.plist */,
				9E807EFD15E50DE5003D336C /* InfoPlist.strings */,
				9E807F0015E50DE5003D336C /* main.m */,
				9E807F0215E50DE5003D336C /* Test App-Prefix.pch */,
			);
			name = "Supporting Files";
			sourceTree = "<group>";
		};
		9E807F1215E50DE5003D336C /* Test AppTests */ = {
			isa = PBXGroup;
			children = (
				9E807F1815E50DE5003D336C /* Test_AppTests.h */,
				9E807F1915E50DE5003D336C /* Test_AppTests.m */,
				9E807F1315E50DE5003D336C /* Supporting Files */,
			);
			path = "Test AppTests";
			sourceTree = "<group>";
		};
		9E807F1315E50DE5003D336C /* Supporting Files */ = {
			isa = PBXGroup;
			children = (
				9E807F1415E50DE5003D336C /* Test AppTests-Info.plist */,
				9E807F1515E50DE5003D336C /* InfoPlist.strings */,
			);
			name = "Supporting Files";
			sourceTree = "<group>";
		};
/* End PBXGroup section */

/* Begin PBXNativeTarget section */
		9E807EEF15E50DE5003D336C /* Test App */ = {
			isa = PBXNativeTarget;
			buildConfigurationList = 9E807F1D15E50DE5003D336C /* Build configuration list for PBXNativeTarget "Test App" */;
			buildPhases = (
				9E807EEC15E50DE5003D336C /* Sources */,
				9E807EED15E50DE5003D336C /* Frameworks */,
				9E807EEE15E50DE5003D336C /* Resources */,
			);
			buildRules = (
			);
			dependencies = (
			);
			name = "Test App";
			productName = "Test App";
			productReference = 9E807EF015E50DE5003D336C /* Test App.app */;
			productType = "com.apple.product-type.application";
		};
		9E807F0A15E50DE5003D336C /* Test AppTests */ = {
			isa = PBXNativeTarget;
			buildConfigurationList = 9E807F2015E50DE5003D336C /* Build configuration list for PBXNativeTarget "Test AppTests" */;
			buildPhases = (
				9E807F0615E50DE5003D336C /* Sources */,
				9E807F0715E50DE5003D336C /* Frameworks */,
				9E807F0815E50DE5003D336C /* Resources */,
				9E807F0915E50DE5003D336C /* ShellScript */,
			);
			buildRules = (
			);
			dependencies = (
				9E807F1115E50DE5003D336C /* PBXTargetDependency */,
			);
			name = "Test AppTests";
			productName = "Test AppTests";
			productReference = 9E807F0B15E50DE5003D336C /* Test AppTests.octest */;
			productType = "com.apple.product-type.bundle";
		};
/* End PBXNativeTarget section */

/* Begin PBXProject section */
		9E807EE715E50DE4003D336C /* Project object */ = {
			isa = PBXProject;
			attributes = {
				LastUpgradeCheck = 0430;
			};
			buildConfigurationList = 9E807EEA15E50DE4003D336C /* Build configuration list for PBXProject "Test App" */;
			compatibilityVersion = "Xcode 3.2";
			developmentRegion = English;
			hasScannedForEncodings = 0;
			knownRegions = (
				en,
			);
			mainGroup = 9E807EE515E50DE4003D336C;
			productRefGroup = 9E807EF115E50DE5003D336C /* Products */;
			projectDirPath = "";
			projectRoot = "";
			targets = (
				9E807EEF15E50DE5003D336C /* Test App */,
				9E807F0A15E50DE5003D336C /* Test AppTests */,
			);
		};
/* End PBXProject section */

/* Begin PBXResourcesBuildPhase section */
		9E807EEE15E50DE5003D336C /* Resources */ = {
			isa = PBXResourcesBuildPhase;
			buildActionMask = 2147483647;
			files = (
				9E807EFF15E50DE5003D336C /* InfoPlist.strings in Resources */,
			);
			runOnlyForDeploymentPostprocessing = 0;
		};
		9E807F0815E50DE5003D336C /* Resources */ = {
			isa = PBXResourcesBuildPhase;
			buildActionMask = 2147483647;
			files = (
				9E807F1715E50DE5003D336C /* InfoPlist.strings in Resources */,
			);
			runOnlyForDeploymentPostprocessing = 0;
		};
/* End PBXResourcesBuildPhase section */

/* Begin PBXShellScriptBuildPhase section */
		9E807F0915E50DE5003D336C /* ShellScript */ = {
			isa = PBXShellScriptBuildPhase;
			buildActionMask = 2147483647;
			files = (
			);
			inputPaths = (
			);
			outputPaths = (
			);
			runOnlyForDeploymentPostprocessing = 0;
			shellPath = /bin/sh;
			shellScript = "# Run the unit tests in this test bundle.\n\"${SYSTEM_DEVELOPER_DIR}/Tools/RunUnitTests\"\n";
		};
/* End PBXShellScriptBuildPhase section */

/* Begin PBXSourcesBuildPhase section */
		9E807EEC15E50DE5003D336C /* Sources */ = {
			isa = PBXSourcesBuildPhase;
			buildActionMask = 2147483647;
			files = (
				9E807F0115E50DE5003D336C /* main.m in Sources */,
				9E807F0515E50DE5003D336C /* AppDelegate.m in Sources */,
			);
			runOnlyForDeploymentPostprocessing = 0;
		};
		9E807F0615E50DE5003D336C /* Sources */ = {
			isa = PBXSourcesBuildPhase;
			buildActionMask = 2147483647;
			files = (
				9E807F1A15E50DE5003D336C /* Test_AppTests.m in Sources */,
			);
			runOnlyForDeploymentPostprocessing = 0;
		};
/* End PBXSourcesBuildPhase section */

/* Begin PBXTargetDependency section */
		9E807F1115E50DE5003D336C /* PBXTargetDependency */ = {
			isa = PBXTargetDependency;
			target = 9E807EEF15E50DE5003D336C /* Test App */;
			targetProxy = 9E807F1015E50DE5003D336C /* PBXContainerItemProxy */;
		};
/* End PBXTargetDependency section */

/* Begin PBXVariantGroup section */
		9E807EFD15E50DE5003D336C /* InfoPlist.strings */ = {
			isa = PBXVariantGroup;
			children = (
				9E807EFE15E50DE5003D336C /* en */,
			);
			name = InfoPlist.strings;
			sourceTree = "<group>";
		};
		9E807F1515E50DE5003D336C /* InfoPlist.strings */ = {
			isa = PBXVariantGroup;
			children = (
				9E807F1615E50DE5003D336C /* en */,
			);
			name = InfoPlist.strings;
			sourceTree = "<group>";
		};
/* End PBXVariantGroup section */

/* Begin XCBuildConfiguration section */
		9E807F1B15E50DE5003D336C /* Debug */ = {
			isa = XCBuildConfiguration;
			buildSettings = {
				ALWAYS_SEARCH_USER_PATHS = NO;
				ARCHS = "$(ARCHS_STANDARD_32_BIT)";
				CLANG_ENABLE_OBJC_ARC = YES;
				"CODE_SIGN_IDENTITY[sdk=iphoneos*]" = "iPhone Developer";
				COPY_PHASE_STRIP = NO;
				GCC_C_LANGUAGE_STANDARD = gnu99;
				GCC_DYNAMIC_NO_PIC = NO;
				GCC_OPTIMIZATION_LEVEL = 0;
				GCC_PREPROCESSOR_DEFINITIONS = (
					"DEBUG=1",
					"$(inherited)",
				);
				GCC_SYMBOLS_PRIVATE_EXTERN = NO;
				GCC_VERSION = com.apple.compilers.llvm.clang.1_0;
				GCC_WARN_ABOUT_RETURN_TYPE = YES;
				GCC_WARN_UNINITIALIZED_AUTOS = YES;
				GCC_WARN_UNUSED_VARIABLE = YES;
				IPHONEOS_DEPLOYMENT_TARGET = 5.1;
				SDKROOT = iphoneos;
				TARGETED_DEVICE_FAMILY = "1,2";
			};
			name = Debug;
		};
		9E807F1C15E50DE5003D336C /* Release */ = {
			isa = XCBuildConfiguration;
			buildSettings = {
				ALWAYS_SEARCH_USER_PATHS = NO;
				ARCHS = "$(ARCHS_STANDARD_32_BIT)";
				CLANG_ENABLE_OBJC_ARC = YES;
				"CODE_SIGN_IDENTITY[sdk=iphoneos*]" = "iPhone Developer";
				COPY_PHASE_STRIP = YES;
				GCC_C_LANGUAGE_STANDARD = gnu99;
				GCC_VERSION = com.apple.compilers.llvm.clang.1_0;
				GCC_WARN_ABOUT_RETURN_TYPE = YES;
				GCC_WARN_UNINITIALIZED_AUTOS = YES;
				GCC_WARN_UNUSED_VARIABLE = YES;
				IPHONEOS_DEPLOYMENT_TARGET = 5.1;
				OTHER_CFLAGS = "-DNS_BLOCK_ASSERTIONS=1";
				SDKROOT = iphoneos;
				TARGETED_DEVICE_FAMILY = "1,2";
				VALIDATE_PRODUCT = YES;
			};
			name = Release;
		};
		9E807F1E15E50DE5003D336C /* Debug */ = {
			isa = XCBuildConfiguration;
			buildSettings = {
				GCC_PRECOMPILE_PREFIX_HEADER = YES;
				GCC_PREFIX_HEADER = "Test App/Test App-Prefix.pch";
				INFOPLIST_FILE = "Test App/Test App-Info.plist";
				PRODUCT_NAME = "$(TARGET_NAME)";
				WRAPPER_EXTENSION = app;
			};
			name = Debug;
		};
		9E807F1F15E50DE5003D336C /* Release */ = {
			isa = XCBuildConfiguration;
			buildSettings = {
				GCC_PRECOMPILE_PREFIX_HEADER = YES;
				GCC_PREFIX_HEADER = "Test App/Test App-Prefix.pch";
				INFOPLIST_FILE = "Test App/Test App-Info.plist";
				PRODUCT_NAME = "$(TARGET_NAME)";
				WRAPPER_EXTENSION = app;
			};
			name = Release;
		};
		9E807F2115E50DE5003D336C /* Debug */ = {
			isa = XCBuildConfiguration;
			buildSettings = {
				BUNDLE_LOADER = "$(BUILT_PRODUCTS_DIR)/Test App.app/Test App";
				FRAMEWORK_SEARCH_PATHS = (
					"$(SDKROOT)/Developer/Library/Frameworks",
					"$(DEVELOPER_LIBRARY_DIR)/Frameworks",
				);
				GCC_PRECOMPILE_PREFIX_HEADER = YES;
				GCC_PREFIX_HEADER = "Test App/Test App-Prefix.pch";
				INFOPLIST_FILE = "Test AppTests/Test AppTests-Info.plist";
				PRODUCT_NAME = "$(TARGET_NAME)";
				TEST_HOST = "$(BUNDLE_LOADER)";
				WRAPPER_EXTENSION = octest;
			};
			name = Debug;
		};
		9E807F2215E50DE5003D336C /* Release */ = {
			isa = XCBuildConfiguration;
			buildSettings = {
				BUNDLE_LOADER = "$(BUILT_PRODUCTS_DIR)/Test App.app/Test App";
				FRAMEWORK_SEARCH_PATHS = (
					"$(SDKROOT)/Developer/Library/Frameworks",
					"$(DEVELOPER_LIBRARY_DIR)/Frameworks",
				);
				GCC_PRECOMPILE_PREFIX_HEADER = YES;
				GCC_PREFIX_HEADER = "Test App/Test App-Prefix.pch";
				INFOPLIST_FILE = "Test AppTests/Test AppTests-Info.plist";
				PRODUCT_NAME = "$(TARGET_NAME)";
				TEST_HOST = "$(BUNDLE_LOADER)";
				WRAPPER_EXTENSION = octest;
			};
			name = Release;
		};
/* End XCBuildConfiguration section */

/* Begin XCConfigurationList section */
		9E807EEA15E50DE4003D336C /* Build configuration list for PBXProject "Test App" */ = {
			isa = XCConfigurationList;
			buildConfigurations = (
				9E807F1B15E50DE5003D336C /* Debug */,
				9E807F1C15E50DE5003D336C /* Release */,
			);
			defaultConfigurationIsVisible = 0;
			defaultConfigurationName = Release;
		};
		9E807F1D15E50DE5003D336C /* Build configuration list for PBXNativeTarget "Test App" */ = {
			isa = XCConfigurationList;
			buildConfigurations = (
				9E807F1E15E50DE5003D336C /* Debug */,
				9E807F1F15E50DE5003D336C /* Release */,
			);
			defaultConfigurationIsVisible = 0;
		};
		9E807F2015E50DE5003D336C /* Build configuration list for PBXNativeTarget "Test AppTests" */ = {
			isa = XCConfigurationList;
			buildConfigurations = (
				9E807F2115E50DE5003D336C /* Debug */,
				9E807F2215E50DE5003D336C /* Release */,
			);
			defaultConfigurationIsVisible = 0;
		};
/* End XCConfigurationList section */
	};
	rootObject = 9E807EE715E50DE4003D336C /* Project object */;
}
